
Microsoft Visual Studio Solution File, Format Version 12.00
# Visual Studio Version 16
VisualStudioVersion = 16.0.30611.23
MinimumVisualStudioVersion = 10.0.40219.1
Project("{FAE04EC0-301F-11D3-BF4B-00C04F79EFBC}") = "lisayl2", "lisayl2.csproj", "{DD7F47B9-7309-4CF3-AF03-37758DB3DF78}"
EndProject
Project("{FAE04EC0-301F-11D3-BF4B-00C04F79EFBC}") = "Tests", "..\Tests\Tests.csproj", "{3EA5F4EF-29E4-43C5-9A55-C142D2689E9D}"
EndProject
Global
	GlobalSection(SolutionConfigurationPlatforms) = preSolution
		Debug|Any CPU = Debug|Any CPU
		Release|Any CPU = Release|Any CPU
	EndGlobalSection
	GlobalSection(ProjectConfigurationPlatforms) = postSolution
		{DD7F47B9-7309-4CF3-AF03-37758DB3DF78}.Debug|Any CPU.ActiveCfg = Debug|Any CPU
		{DD7F47B9-7309-4CF3-AF03-37758DB3DF78}.Debug|Any CPU.Build.0 = Debug|Any CPU
		{DD7F47B9-7309-4CF3-AF03-37758DB3DF78}.Release|Any CPU.ActiveCfg = Release|Any CPU
		{DD7F47B9-7309-4CF3-AF03-37758DB3DF78}.Release|Any CPU.Build.0 = Release|Any CPU
		{3EA5F4EF-29E4-43C5-9A55-C142D2689E9D}.Debug|Any CPU.ActiveCfg = Debug|Any CPU
		{3EA5F4EF-29E4-43C5-9A55-C142D2689E9D}.Debug|Any CPU.Build.0 = Debug|Any CPU
		{3EA5F4EF-29E4-43C5-9A55-C142D2689E9D}.Release|Any CPU.ActiveCfg = Release|Any CPU
		{3EA5F4EF-29E4-43C5-9A55-C142D2689E9D}.Release|Any CPU.Build.0 = Release|Any CPU
	EndGlobalSection
	GlobalSection(SolutionProperties) = preSolution
		HideSolutionNode = FALSE
	EndGlobalSection
	GlobalSection(ExtensibilityGlobals) = postSolution
		SolutionGuid = {C24D70AB-ECE8-4B72-A369-6A95A765A9C2}
	EndGlobalSection
EndGlobal
